// !$*UTF8*$!
{
	archiveVersion = 1;
	classes = {
	};
	objectVersion = 55;
	objects = {

/* Begin PBXBuildFile section */
		8EC64BA8A89C87A33E2152C1 /* Pods_JXDownloadFile.framework in Frameworks */ = {isa = PBXBuildFile; fileRef = 464DBB2017E36E9B8BDCD81E /* Pods_JXDownloadFile.framework */; };
		CBACC550295AC35F00EE887D /* AppDelegate.swift in Sources */ = {isa = PBXBuildFile; fileRef = CBACC54F295AC35F00EE887D /* AppDelegate.swift */; };
		CBACC552295AC35F00EE887D /* SceneDelegate.swift in Sources */ = {isa = PBXBuildFile; fileRef = CBACC551295AC35F00EE887D /* SceneDelegate.swift */; };
		CBACC554295AC35F00EE887D /* ViewController.swift in Sources */ = {isa = PBXBuildFile; fileRef = CBACC553295AC35F00EE887D /* ViewController.swift */; };
		CBACC557295AC35F00EE887D /* Main.storyboard in Resources */ = {isa = PBXBuildFile; fileRef = CBACC555295AC35F00EE887D /* Main.storyboard */; };
		CBACC559295AC36300EE887D /* Assets.xcassets in Resources */ = {isa = PBXBuildFile; fileRef = CBACC558295AC36300EE887D /* Assets.xcassets */; };
		CBACC55C295AC36300EE887D /* LaunchScreen.storyboard in Resources */ = {isa = PBXBuildFile; fileRef = CBACC55A295AC36300EE887D /* LaunchScreen.storyboard */; };
/* End PBXBuildFile section */

/* Begin PBXFileReference section */
		2F9A0F7F2CF4D86BCA400329 /* Pods-JXDownloadFile.debug.xcconfig */ = {isa = PBXFileReference; includeInIndex = 1; lastKnownFileType = text.xcconfig; name = "Pods-JXDownloadFile.debug.xcconfig"; path = "Target Support Files/Pods-JXDownloadFile/Pods-JXDownloadFile.debug.xcconfig"; sourceTree = "<group>"; };
		464DBB2017E36E9B8BDCD81E /* Pods_JXDownloadFile.framework */ = {isa = PBXFileReference; explicitFileType = wrapper.framework; includeInIndex = 0; path = Pods_JXDownloadFile.framework; sourceTree = BUILT_PRODUCTS_DIR; };
		CBACC54C295AC35F00EE887D /* JXDownloadFile.app */ = {isa = PBXFileReference; explicitFileType = wrapper.application; includeInIndex = 0; path = JXDownloadFile.app; sourceTree = BUILT_PRODUCTS_DIR; };
		CBACC54F295AC35F00EE887D /* AppDelegate.swift */ = {isa = PBXFileReference; lastKnownFileType = sourcecode.swift; path = AppDelegate.swift; sourceTree = "<group>"; };
		CBACC551295AC35F00EE887D /* SceneDelegate.swift */ = {isa = PBXFileReference; lastKnownFileType = sourcecode.swift; path = SceneDelegate.swift; sourceTree = "<group>"; };
		CBACC553295AC35F00EE887D /* ViewController.swift */ = {isa = PBXFileReference; lastKnownFileType = sourcecode.swift; path = ViewController.swift; sourceTree = "<group>"; };
		CBACC556295AC35F00EE887D /* Base */ = {isa = PBXFileReference; lastKnownFileType = file.storyboard; name = Base; path = Base.lproj/Main.storyboard; sourceTree = "<group>"; };
		CBACC558295AC36300EE887D /* Assets.xcassets */ = {isa = PBXFileReference; lastKnownFileType = folder.assetcatalog; path = Assets.xcassets; sourceTree = "<group>"; };
		CBACC55B295AC36300EE887D /* Base */ = {isa = PBXFileReference; lastKnownFileType = file.storyboard; name = Base; path = Base.lproj/LaunchScreen.storyboard; sourceTree = "<group>"; };
		CBACC55D295AC36300EE887D /* Info.plist */ = {isa = PBXFileReference; lastKnownFileType = text.plist.xml; path = Info.plist; sourceTree = "<group>"; };
		DD3894D60F0E999002A62AE0 /* Pods-JXDownloadFile.release.xcconfig */ = {isa = PBXFileReference; includeInIndex = 1; lastKnownFileType = text.xcconfig; name = "Pods-JXDownloadFile.release.xcconfig"; path = "Target Support Files/Pods-JXDownloadFile/Pods-JXDownloadFile.release.xcconfig"; sourceTree = "<group>"; };
/* End PBXFileReference section */

/* Begin PBXFrameworksBuildPhase section */
		CBACC549295AC35F00EE887D /* Frameworks */ = {
			isa = PBXFrameworksBuildPhase;
			buildActionMask = 2147483647;
			files = (
				8EC64BA8A89C87A33E2152C1 /* Pods_JXDownloadFile.framework in Frameworks */,
			);
			runOnlyForDeploymentPostprocessing = 0;
		};
/* End PBXFrameworksBuildPhase section */

/* Begin PBXGroup section */
		4F447A2C816B0A7D18A5E0B4 /* Pods */ = {
			isa = PBXGroup;
			children = (
				2F9A0F7F2CF4D86BCA400329 /* Pods-JXDownloadFile.debug.xcconfig */,
				DD3894D60F0E999002A62AE0 /* Pods-JXDownloadFile.release.xcconfig */,
			);
			path = Pods;
			sourceTree = "<group>";
		};
		835549F262AA285BA1E2C875 /* Frameworks */ = {
			isa = PBXGroup;
			children = (
				464DBB2017E36E9B8BDCD81E /* Pods_JXDownloadFile.framework */,
			);
			name = Frameworks;
			sourceTree = "<group>";
		};
		CBACC543295AC35F00EE887D = {
			isa = PBXGroup;
			children = (
				CBACC54E295AC35F00EE887D /* JXDownloadFile */,
				CBACC54D295AC35F00EE887D /* Products */,
				4F447A2C816B0A7D18A5E0B4 /* Pods */,
				835549F262AA285BA1E2C875 /* Frameworks */,
			);
			sourceTree = "<group>";
		};
		CBACC54D295AC35F00EE887D /* Products */ = {
			isa = PBXGroup;
			children = (
				CBACC54C295AC35F00EE887D /* JXDownloadFile.app */,
			);
			name = Products;
			sourceTree = "<group>";
		};
		CBACC54E295AC35F00EE887D /* JXDownloadFile */ = {
			isa = PBXGroup;
			children = (
				CBACC54F295AC35F00EE887D /* AppDelegate.swift */,
				CBACC551295AC35F00EE887D /* SceneDelegate.swift */,
				CBACC553295AC35F00EE887D /* ViewController.swift */,
				CBACC555295AC35F00EE887D /* Main.storyboard */,
				CBACC558295AC36300EE887D /* Assets.xcassets */,
				CBACC55A295AC36300EE887D /* LaunchScreen.storyboard */,
				CBACC55D295AC36300EE887D /* Info.plist */,
			);
			path = JXDownloadFile;
			sourceTree = "<group>";
		};
/* End PBXGroup section */

/* Begin PBXNativeTarget section */
		CBACC54B295AC35F00EE887D /* JXDownloadFile */ = {
			isa = PBXNativeTarget;
			buildConfigurationList = CBACC560295AC36300EE887D /* Build configuration list for PBXNativeTarget "JXDownloadFile" */;
			buildPhases = (
				93A51A27EAA5A0BCFC03950C /* [CP] Check Pods Manifest.lock */,
				CBACC548295AC35F00EE887D /* Sources */,
				CBACC549295AC35F00EE887D /* Frameworks */,
				CBACC54A295AC35F00EE887D /* Resources */,
				16ED503BFF7FAF0B67332DEE /* [CP] Embed Pods Frameworks */,
			);
			buildRules = (
			);
			dependencies = (
			);
			name = JXDownloadFile;
			productName = JXDownloadFile;
			productReference = CBACC54C295AC35F00EE887D /* JXDownloadFile.app */;
			productType = "com.apple.product-type.application";
		};
/* End PBXNativeTarget section */

/* Begin PBXProject section */
		CBACC544295AC35F00EE887D /* Project object */ = {
			isa = PBXProject;
			attributes = {
				BuildIndependentTargetsInParallel = 1;
				LastSwiftUpdateCheck = 1420;
				LastUpgradeCheck = 1420;
				TargetAttributes = {
					CBACC54B295AC35F00EE887D = {
						CreatedOnToolsVersion = 14.2;
					};
				};
			};
			buildConfigurationList = CBACC547295AC35F00EE887D /* Build configuration list for PBXProject "JXDownloadFile" */;
			compatibilityVersion = "Xcode 13.0";
			developmentRegion = en;
			hasScannedForEncodings = 0;
			knownRegions = (
				en,
				Base,
			);
			mainGroup = CBACC543295AC35F00EE887D;
			productRefGroup = CBACC54D295AC35F00EE887D /* Products */;
			projectDirPath = "";
			projectRoot = "";
			targets = (
				CBACC54B295AC35F00EE887D /* JXDownloadFile */,
			);
		};
/* End PBXProject section */

/* Begin PBXResourcesBuildPhase section */
		CBACC54A295AC35F00EE887D /* Resources */ = {
			isa = PBXResourcesBuildPhase;
			buildActionMask = 2147483647;
			files = (
				CBACC55C295AC36300EE887D /* LaunchScreen.storyboard in Resources */,
				CBACC559295AC36300EE887D /* Assets.xcassets in Resources */,
				CBACC557295AC35F00EE887D /* Main.storyboard in Resources */,
			);
			runOnlyForDeploymentPostprocessing = 0;
		};
/* End PBXResourcesBuildPhase section */

/* Begin PBXShellScriptBuildPhase section */
		16ED503BFF7FAF0B67332DEE /* [CP] Embed Pods Frameworks */ = {
			isa = PBXShellScriptBuildPhase;
			buildActionMask = 2147483647;
			files = (
			);
			inputFileListPaths = (
				"${PODS_ROOT}/Target Support Files/Pods-JXDownloadFile/Pods-JXDownloadFile-frameworks-${CONFIGURATION}-input-files.xcfilelist",
			);
			name = "[CP] Embed Pods Frameworks";
			outputFileListPaths = (
				"${PODS_ROOT}/Target Support Files/Pods-JXDownloadFile/Pods-JXDownloadFile-frameworks-${CONFIGURATION}-output-files.xcfilelist",
			);
			runOnlyForDeploymentPostprocessing = 0;
			shellPath = /bin/sh;
			shellScript = "\"${PODS_ROOT}/Target Support Files/Pods-JXDownloadFile/Pods-JXDownloadFile-frameworks.sh\"\n";
			showEnvVarsInLog = 0;
		};
		93A51A27EAA5A0BCFC03950C /* [CP] Check Pods Manifest.lock */ = {
			isa = PBXShellScriptBuildPhase;
			buildActionMask = 2147483647;
			files = (
			);
			inputFileListPaths = (
			);
			inputPaths = (
				"${PODS_PODFILE_DIR_PATH}/Podfile.lock",
				"${PODS_ROOT}/Manifest.lock",
			);
			name = "[CP] Check Pods Manifest.lock";
			outputFileListPaths = (
			);
			outputPaths = (
				"$(DERIVED_FILE_DIR)/Pods-JXDownloadFile-checkManifestLockResult.txt",
			);
			runOnlyForDeploymentPostprocessing = 0;
			shellPath = /bin/sh;
			shellScript = "diff \"${PODS_PODFILE_DIR_PATH}/Podfile.lock\" \"${PODS_ROOT}/Manifest.lock\" > /dev/null\nif [ $? != 0 ] ; then\n    # print error to STDERR\n    echo \"error: The sandbox is not in sync with the Podfile.lock. Run 'pod install' or update your CocoaPods installation.\" >&2\n    exit 1\nfi\n# This output is used by Xcode 'outputs' to avoid re-running this script phase.\necho \"SUCCESS\" > \"${SCRIPT_OUTPUT_FILE_0}\"\n";
			showEnvVarsInLog = 0;
		};
/* End PBXShellScriptBuildPhase section */

/* Begin PBXSourcesBuildPhase section */
		CBACC548295AC35F00EE887D /* Sources */ = {
			isa = PBXSourcesBuildPhase;
			buildActionMask = 2147483647;
			files = (
				CBACC554295AC35F00EE887D /* ViewController.swift in Sources */,
				CBACC550295AC35F00EE887D /* AppDelegate.swift in Sources */,
				CBACC552295AC35F00EE887D /* SceneDelegate.swift in Sources */,
			);
			runOnlyForDeploymentPostprocessing = 0;
		};
/* End PBXSourcesBuildPhase section */

/* Begin PBXVariantGroup section */
		CBACC555295AC35F00EE887D /* Main.storyboard */ = {
			isa = PBXVariantGroup;
			children = (
				CBACC556295AC35F00EE887D /* Base */,
			);
			name = Main.storyboard;
			sourceTree = "<group>";
		};
		CBACC55A295AC36300EE887D /* LaunchScreen.storyboard */ = {
			isa = PBXVariantGroup;
			children = (
				CBACC55B295AC36300EE887D /* Base */,
			);
			name = LaunchScreen.storyboard;
			sourceTree = "<group>";
		};
/* End PBXVariantGroup section */

/* Begin XCBuildConfiguration section */
		CBACC55E295AC36300EE887D /* Debug */ = {
			isa = XCBuildConfiguration;
			buildSettings = {
				ALWAYS_SEARCH_USER_PATHS = NO;
				CLANG_ANALYZER_NONNULL = YES;
				CLANG_ANALYZER_NUMBER_OBJECT_CONVERSION = YES_AGGRESSIVE;
				CLANG_CXX_LANGUAGE_STANDARD = "gnu++20";
				CLANG_ENABLE_MODULES = YES;
				CLANG_ENABLE_OBJC_ARC = YES;
				CLANG_ENABLE_OBJC_WEAK = YES;
				CLANG_WARN_BLOCK_CAPTURE_AUTORELEASING = YES;
				CLANG_WARN_BOOL_CONVERSION = YES;
				CLANG_WARN_COMMA = YES;
				CLANG_WARN_CONSTANT_CONVERSION = YES;
				CLANG_WARN_DEPRECATED_OBJC_IMPLEMENTATIONS = YES;
				CLANG_WARN_DIRECT_OBJC_ISA_USAGE = YES_ERROR;
				CLANG_WARN_DOCUMENTATION_COMMENTS = YES;
				CLANG_WARN_EMPTY_BODY = YES;
				CLANG_WARN_ENUM_CONVERSION = YES;
				CLANG_WARN_INFINITE_RECURSION = YES;
				CLANG_WARN_INT_CONVERSION = YES;
				CLANG_WARN_NON_LITERAL_NULL_CONVERSION = YES;
				CLANG_WARN_OBJC_IMPLICIT_RETAIN_SELF = YES;
				CLANG_WARN_OBJC_LITERAL_CONVERSION = YES;
				CLANG_WARN_OBJC_ROOT_CLASS = YES_ERROR;
				CLANG_WARN_QUOTED_INCLUDE_IN_FRAMEWORK_HEADER = YES;
				CLANG_WARN_RANGE_LOOP_ANALYSIS = YES;
				CLANG_WARN_STRICT_PROTOTYPES = YES;
				CLANG_WARN_SUSPICIOUS_MOVE = YES;
				CLANG_WARN_UNGUARDED_AVAILABILITY = YES_AGGRESSIVE;
				CLANG_WARN_UNREACHABLE_CODE = YES;
				CLANG_WARN__DUPLICATE_METHOD_MATCH = YES;
				COPY_PHASE_STRIP = NO;
				DEBUG_INFORMATION_FORMAT = dwarf;
				ENABLE_STRICT_OBJC_MSGSEND = YES;
				ENABLE_TESTABILITY = YES;
				GCC_C_LANGUAGE_STANDARD = gnu11;
				GCC_DYNAMIC_NO_PIC = NO;
				GCC_NO_COMMON_BLOCKS = YES;
				GCC_OPTIMIZATION_LEVEL = 0;
				GCC_PREPROCESSOR_DEFINITIONS = (
					"DEBUG=1",
					"$(inherited)",
				);
				GCC_WARN_64_TO_32_BIT_CONVERSION = YES;
				GCC_WARN_ABOUT_RETURN_TYPE = YES_ERROR;
				GCC_WARN_UNDECLARED_SELECTOR = YES;
				GCC_WARN_UNINITIALIZED_AUTOS = YES_AGGRESSIVE;
				GCC_WARN_UNUSED_FUNCTION = YES;
				GCC_WARN_UNUSED_VARIABLE = YES;
				IPHONEOS_DEPLOYMENT_TARGET = 16.2;
				MTL_ENABLE_DEBUG_INFO = INCLUDE_SOURCE;
				MTL_FAST_MATH = YES;
				ONLY_ACTIVE_ARCH = YES;
				SDKROOT = iphoneos;
				SWIFT_ACTIVE_COMPILATION_CONDITIONS = DEBUG;
				SWIFT_OPTIMIZATION_LEVEL = "-Onone";
			};
			name = Debug;
		};
		CBACC55F295AC36300EE887D /* Release */ = {
			isa = XCBuildConfiguration;
			buildSettings = {
				ALWAYS_SEARCH_USER_PATHS = NO;
				CLANG_ANALYZER_NONNULL = YES;
				CLANG_ANALYZER_NUMBER_OBJECT_CONVERSION = YES_AGGRESSIVE;
				CLANG_CXX_LANGUAGE_STANDARD = "gnu++20";
				CLANG_ENABLE_MODULES = YES;
				CLANG_ENABLE_OBJC_ARC = YES;
				CLANG_ENABLE_OBJC_WEAK = YES;
				CLANG_WARN_BLOCK_CAPTURE_AUTORELEASING = YES;
				CLANG_WARN_BOOL_CONVERSION = YES;
				CLANG_WARN_COMMA = YES;
				CLANG_WARN_CONSTANT_CONVERSION = YES;
				CLANG_WARN_DEPRECATED_OBJC_IMPLEMENTATIONS = YES;
				CLANG_WARN_DIRECT_OBJC_ISA_USAGE = YES_ERROR;
				CLANG_WARN_DOCUMENTATION_COMMENTS = YES;
				CLANG_WARN_EMPTY_BODY = YES;
				CLANG_WARN_ENUM_CONVERSION = YES;
				CLANG_WARN_INFINITE_RECURSION = YES;
				CLANG_WARN_INT_CONVERSION = YES;
				CLANG_WARN_NON_LITERAL_NULL_CONVERSION = YES;
				CLANG_WARN_OBJC_IMPLICIT_RETAIN_SELF = YES;
				CLANG_WARN_OBJC_LITERAL_CONVERSION = YES;
				CLANG_WARN_OBJC_ROOT_CLASS = YES_ERROR;
				CLANG_WARN_QUOTED_INCLUDE_IN_FRAMEWORK_HEADER = YES;
				CLANG_WARN_RANGE_LOOP_ANALYSIS = YES;
				CLANG_WARN_STRICT_PROTOTYPES = YES;
				CLANG_WARN_SUSPICIOUS_MOVE = YES;
				CLANG_WARN_UNGUARDED_AVAILABILITY = YES_AGGRESSIVE;
				CLANG_WARN_UNREACHABLE_CODE = YES;
				CLANG_WARN__DUPLICATE_METHOD_MATCH = YES;
				COPY_PHASE_STRIP = NO;
				DEBUG_INFORMATION_FORMAT = "dwarf-with-dsym";
				ENABLE_NS_ASSERTIONS = NO;
				ENABLE_STRICT_OBJC_MSGSEND = YES;
				GCC_C_LANGUAGE_STANDARD = gnu11;
				GCC_NO_COMMON_BLOCKS = YES;
				GCC_WARN_64_TO_32_BIT_CONVERSION = YES;
				GCC_WARN_ABOUT_RETURN_TYPE = YES_ERROR;
				GCC_WARN_UNDECLARED_SELECTOR = YES;
				GCC_WARN_UNINITIALIZED_AUTOS = YES_AGGRESSIVE;
				GCC_WARN_UNUSED_FUNCTION = YES;
				GCC_WARN_UNUSED_VARIABLE = YES;
				IPHONEOS_DEPLOYMENT_TARGET = 16.2;
				MTL_ENABLE_DEBUG_INFO = NO;
				MTL_FAST_MATH = YES;
				SDKROOT = iphoneos;
				SWIFT_COMPILATION_MODE = wholemodule;
				SWIFT_OPTIMIZATION_LEVEL = "-O";
				VALIDATE_PRODUCT = YES;
			};
			name = Release;
		};
		CBACC561295AC36300EE887D /* Debug */ = {
			isa = XCBuildConfiguration;
			baseConfigurationReference = 2F9A0F7F2CF4D86BCA400329 /* Pods-JXDownloadFile.debug.xcconfig */;
			buildSettings = {
				ASSETCATALOG_COMPILER_APPICON_NAME = AppIcon;
				ASSETCATALOG_COMPILER_GLOBAL_ACCENT_COLOR_NAME = AccentColor;
				CODE_SIGN_STYLE = Automatic;
				CURRENT_PROJECT_VERSION = 1;
				DEVELOPMENT_TEAM = 9R8Q2NVT8X;
				GENERATE_INFOPLIST_FILE = YES;
				INFOPLIST_FILE = JXDownloadFile/Info.plist;
				INFOPLIST_KEY_UIApplicationSupportsIndirectInputEvents = YES;
				INFOPLIST_KEY_UILaunchStoryboardName = LaunchScreen;
				INFOPLIST_KEY_UIMainStoryboardFile = Main;
				INFOPLIST_KEY_UISupportedInterfaceOrientations_iPad = "UIInterfaceOrientationPortrait UIInterfaceOrientationPortraitUpsideDown UIInterfaceOrientationLandscapeLeft UIInterfaceOrientationLandscapeRight";
				INFOPLIST_KEY_UISupportedInterfaceOrientations_iPhone = "UIInterfaceOrientationPortrait UIInterfaceOrientationLandscapeLeft UIInterfaceOrientationLandscapeRight";
				IPHONEOS_DEPLOYMENT_TARGET = 13.0;
				LD_RUNPATH_SEARCH_PATHS = (
					"$(inherited)",
					"@executable_path/Frameworks",
				);
				MARKETING_VERSION = 1.0;
				PRODUCT_BUNDLE_IDENTIFIER = JXDownloadFile.com.JXDownloadFile;
				PRODUCT_NAME = "$(TARGET_NAME)";
				SWIFT_EMIT_LOC_STRINGS = YES;
				SWIFT_VERSION = 5.0;
				TARGETED_DEVICE_FAMILY = "1,2";
			};
			name = Debug;
		};
		CBACC562295AC36300EE887D /* Release */ = {
			isa = XCBuildConfiguration;
			baseConfigurationReference = DD3894D60F0E999002A62AE0 /* Pods-JXDownloadFile.release.xcconfig */;
			buildSettings = {
				ASSETCATALOG_COMPILER_APPICON_NAME = AppIcon;
				ASSETCATALOG_COMPILER_GLOBAL_ACCENT_COLOR_NAME = AccentColor;
				CODE_SIGN_STYLE = Automatic;
				CURRENT_PROJECT_VERSION = 1;
				DEVELOPMENT_TEAM = 9R8Q2NVT8X;
				GENERATE_INFOPLIST_FILE = YES;
				INFOPLIST_FILE = JXDownloadFile/Info.plist;
				INFOPLIST_KEY_UIApplicationSupportsIndirectInputEvents = YES;
				INFOPLIST_KEY_UILaunchStoryboardName = LaunchScreen;
				INFOPLIST_KEY_UIMainStoryboardFile = Main;
				INFOPLIST_KEY_UISupportedInterfaceOrientations_iPad = "UIInterfaceOrientationPortrait UIInterfaceOrientationPortraitUpsideDown UIInterfaceOrientationLandscapeLeft UIInterfaceOrientationLandscapeRight";
				INFOPLIST_KEY_UISupportedInterfaceOrientations_iPhone = "UIInterfaceOrientationPortrait UIInterfaceOrientationLandscapeLeft UIInterfaceOrientationLandscapeRight";
				IPHONEOS_DEPLOYMENT_TARGET = 13.0;
				LD_RUNPATH_SEARCH_PATHS = (
					"$(inherited)",
					"@executable_path/Frameworks",
				);
				MARKETING_VERSION = 1.0;
				PRODUCT_BUNDLE_IDENTIFIER = JXDownloadFile.com.JXDownloadFile;
				PRODUCT_NAME = "$(TARGET_NAME)";
				SWIFT_EMIT_LOC_STRINGS = YES;
				SWIFT_VERSION = 5.0;
				TARGETED_DEVICE_FAMILY = "1,2";
			};
			name = Release;
		};
/* End XCBuildConfiguration section */

/* Begin XCConfigurationList section */
		CBACC547295AC35F00EE887D /* Build configuration list for PBXProject "JXDownloadFile" */ = {
			isa = XCConfigurationList;
			buildConfigurations = (
				CBACC55E295AC36300EE887D /* Debug */,
				CBACC55F295AC36300EE887D /* Release */,
			);
			defaultConfigurationIsVisible = 0;
			defaultConfigurationName = Release;
		};
		CBACC560295AC36300EE887D /* Build configuration list for PBXNativeTarget "JXDownloadFile" */ = {
			isa = XCConfigurationList;
			buildConfigurations = (
				CBACC561295AC36300EE887D /* Debug */,
				CBACC562295AC36300EE887D /* Release */,
			);
			defaultConfigurationIsVisible = 0;
			defaultConfigurationName = Release;
		};
/* End XCConfigurationList section */
	};
	rootObject = CBACC544295AC35F00EE887D /* Project object */;
}
